
Microsoft Visual Studio Solution File, Format Version 12.00
# Visual Studio Version 17
VisualStudioVersion = 17.9.34728.123
MinimumVisualStudioVersion = 10.0.40219.1
Project("{9A19103F-16F7-4668-BE54-9A1E7A4F7556}") = "CatAFKGame.Core", "CatAFKGame.Core\CatAFKGame.Core.csproj", "{21FC8B0C-3FF3-4A47-B879-2FD968FFF30A}"
EndProject
Global
	GlobalSection(SolutionConfigurationPlatforms) = preSolution
		Debug|Any CPU = Debug|Any CPU
		Release|Any CPU = Release|Any CPU
	EndGlobalSection
	GlobalSection(ProjectConfigurationPlatforms) = postSolution
		{21FC8B0C-3FF3-4A47-B879-2FD968FFF30A}.Debug|Any CPU.ActiveCfg = Debug|Any CPU
		{21FC8B0C-3FF3-4A47-B879-2FD968FFF30A}.Debug|Any CPU.Build.0 = Debug|Any CPU
		{21FC8B0C-3FF3-4A47-B879-2FD968FFF30A}.Release|Any CPU.ActiveCfg = Release|Any CPU
		{21FC8B0C-3FF3-4A47-B879-2FD968FFF30A}.Release|Any CPU.Build.0 = Release|Any CPU
	EndGlobalSection
	GlobalSection(SolutionProperties) = preSolution
		HideSolutionNode = FALSE
	EndGlobalSection
	GlobalSection(ExtensibilityGlobals) = postSolution
		SolutionGuid = {C61D43F2-68D4-4732-A184-8E9765E72475}
	EndGlobalSection
EndGlobal
